
Microsoft Visual Studio Solution File, Format Version 12.00
# Visual Studio Version 17
VisualStudioVersion = 17.8.34330.188
MinimumVisualStudioVersion = 10.0.40219.1
Project("{9A19103F-16F7-4668-BE54-9A1E7A4F7556}") = "BlazorCrudDotNet8", "BlazorCrudDotNet8\BlazorCrudDotNet8\BlazorCrudDotNet8.csproj", "{F90FAAD6-CD87-4B4C-AA54-A2B431F24EC0}"
EndProject
Project("{9A19103F-16F7-4668-BE54-9A1E7A4F7556}") = "BlazorCrudDotNet8.Client", "BlazorCrudDotNet8\BlazorCrudDotNet8.Client\BlazorCrudDotNet8.Client.csproj", "{C0A4C8BD-94AB-4090-97BA-4A81CA204B84}"
EndProject
Project("{9A19103F-16F7-4668-BE54-9A1E7A4F7556}") = "BlazorCrudDotNet8.Shared", "BlazorCrudDotNet8.Shared\BlazorCrudDotNet8.Shared.csproj", "{8F906795-3C11-4732-B9DA-B427272E099F}"
EndProject
Project("{2150E333-8FDC-42A3-9474-1A3956D46DE8}") = "Solution Items", "Solution Items", "{C3663E95-4F71-4BD8-A39A-DFD8909B3223}"
	ProjectSection(SolutionItems) = preProject
		.gitignore = .gitignore
	EndProjectSection
EndProject
Global
	GlobalSection(SolutionConfigurationPlatforms) = preSolution
		Debug|Any CPU = Debug|Any CPU
		Release|Any CPU = Release|Any CPU
	EndGlobalSection
	GlobalSection(ProjectConfigurationPlatforms) = postSolution
		{F90FAAD6-CD87-4B4C-AA54-A2B431F24EC0}.Debug|Any CPU.ActiveCfg = Debug|Any CPU
		{F90FAAD6-CD87-4B4C-AA54-A2B431F24EC0}.Debug|Any CPU.Build.0 = Debug|Any CPU
		{F90FAAD6-CD87-4B4C-AA54-A2B431F24EC0}.Release|Any CPU.ActiveCfg = Release|Any CPU
		{F90FAAD6-CD87-4B4C-AA54-A2B431F24EC0}.Release|Any CPU.Build.0 = Release|Any CPU
		{C0A4C8BD-94AB-4090-97BA-4A81CA204B84}.Debug|Any CPU.ActiveCfg = Debug|Any CPU
		{C0A4C8BD-94AB-4090-97BA-4A81CA204B84}.Debug|Any CPU.Build.0 = Debug|Any CPU
		{C0A4C8BD-94AB-4090-97BA-4A81CA204B84}.Release|Any CPU.ActiveCfg = Release|Any CPU
		{C0A4C8BD-94AB-4090-97BA-4A81CA204B84}.Release|Any CPU.Build.0 = Release|Any CPU
		{8F906795-3C11-4732-B9DA-B427272E099F}.Debug|Any CPU.ActiveCfg = Debug|Any CPU
		{8F906795-3C11-4732-B9DA-B427272E099F}.Debug|Any CPU.Build.0 = Debug|Any CPU
		{8F906795-3C11-4732-B9DA-B427272E099F}.Release|Any CPU.ActiveCfg = Release|Any CPU
		{8F906795-3C11-4732-B9DA-B427272E099F}.Release|Any CPU.Build.0 = Release|Any CPU
	EndGlobalSection
	GlobalSection(SolutionProperties) = preSolution
		HideSolutionNode = FALSE
	EndGlobalSection
	GlobalSection(ExtensibilityGlobals) = postSolution
		SolutionGuid = {764F27C9-B460-4614-B04C-8705AF57532E}
	EndGlobalSection
EndGlobal
